
Microsoft Visual Studio Solution File, Format Version 12.00
# Visual Studio Version 17
VisualStudioVersion = 17.9.34728.123
MinimumVisualStudioVersion = 10.0.40219.1
Project("{FAE04EC0-301F-11D3-BF4B-00C04F79EFBC}") = "Logic_Master", "Logic_Master\Logic_Master.csproj", "{93C5D4A0-0436-498A-A584-FBCE0845FBCA}"
EndProject
Global
	GlobalSection(SolutionConfigurationPlatforms) = preSolution
		Debug|Any CPU = Debug|Any CPU
		Release|Any CPU = Release|Any CPU
	EndGlobalSection
	GlobalSection(ProjectConfigurationPlatforms) = postSolution
		{93C5D4A0-0436-498A-A584-FBCE0845FBCA}.Debug|Any CPU.ActiveCfg = Debug|Any CPU
		{93C5D4A0-0436-498A-A584-FBCE0845FBCA}.Debug|Any CPU.Build.0 = Debug|Any CPU
		{93C5D4A0-0436-498A-A584-FBCE0845FBCA}.Release|Any CPU.ActiveCfg = Release|Any CPU
		{93C5D4A0-0436-498A-A584-FBCE0845FBCA}.Release|Any CPU.Build.0 = Release|Any CPU
	EndGlobalSection
	GlobalSection(SolutionProperties) = preSolution
		HideSolutionNode = FALSE
	EndGlobalSection
	GlobalSection(ExtensibilityGlobals) = postSolution
		SolutionGuid = {03A923FF-6B5B-4B0A-835D-AF4A02AB4A84}
	EndGlobalSection
EndGlobal
